// !$*UTF8*$!
{
	archiveVersion = 1;
	classes = {
	};
	objectVersion = 46;
	objects = {

/* Begin PBXBuildFile section */
		12B281A79D4E8810940B20AD /* Pods_MeiLiTV.framework in Frameworks */ = {isa = PBXBuildFile; fileRef = 78B8ECB851C9262C3B9BC0A5 /* Pods_MeiLiTV.framework */; };
		573FC64F1E710AB700443B6C /* LaunchScreen.storyboard in Resources */ = {isa = PBXBuildFile; fileRef = 573FC6371E710AB700443B6C /* LaunchScreen.storyboard */; };
		573FC6511E710AB700443B6C /* Main.storyboard in Resources */ = {isa = PBXBuildFile; fileRef = 573FC63B1E710AB700443B6C /* Main.storyboard */; };
		573FC6531E710AB700443B6C /* LoginViewController.swift in Sources */ = {isa = PBXBuildFile; fileRef = 573FC6471E710AB700443B6C /* LoginViewController.swift */; };
		573FC6561E710AB700443B6C /* AppDelegate.swift in Sources */ = {isa = PBXBuildFile; fileRef = 573FC64D1E710AB700443B6C /* AppDelegate.swift */; };
		573FC6571E710AB700443B6C /* Info.plist in Resources */ = {isa = PBXBuildFile; fileRef = 573FC64E1E710AB700443B6C /* Info.plist */; };
		573FC6591E71160E00443B6C /* LoginViewController.xib in Resources */ = {isa = PBXBuildFile; fileRef = 573FC6581E71160E00443B6C /* LoginViewController.xib */; };
		573FC65C1E71168700443B6C /* RegisterViewController.swift in Sources */ = {isa = PBXBuildFile; fileRef = 573FC65A1E71168700443B6C /* RegisterViewController.swift */; };
		573FC65D1E71168700443B6C /* RegisterViewController.xib in Resources */ = {isa = PBXBuildFile; fileRef = 573FC65B1E71168700443B6C /* RegisterViewController.xib */; };
		573FC6651E71212800443B6C /* ConstantHeader.swift in Sources */ = {isa = PBXBuildFile; fileRef = 573FC6641E71212800443B6C /* ConstantHeader.swift */; };
		573FC66F1E712E5300443B6C /* MainViewController.swift in Sources */ = {isa = PBXBuildFile; fileRef = 573FC66D1E712E5300443B6C /* MainViewController.swift */; };
		573FC6701E712E5300443B6C /* MainViewController.xib in Resources */ = {isa = PBXBuildFile; fileRef = 573FC66E1E712E5300443B6C /* MainViewController.xib */; };
		573FC6731E712E6700443B6C /* AttentionViewController.swift in Sources */ = {isa = PBXBuildFile; fileRef = 573FC6711E712E6700443B6C /* AttentionViewController.swift */; };
		573FC6741E712E6700443B6C /* AttentionViewController.xib in Resources */ = {isa = PBXBuildFile; fileRef = 573FC6721E712E6700443B6C /* AttentionViewController.xib */; };
		573FC6771E712E7400443B6C /* LiveViewController.swift in Sources */ = {isa = PBXBuildFile; fileRef = 573FC6751E712E7400443B6C /* LiveViewController.swift */; };
		573FC6781E712E7400443B6C /* LiveViewController.xib in Resources */ = {isa = PBXBuildFile; fileRef = 573FC6761E712E7400443B6C /* LiveViewController.xib */; };
		573FC67B1E712E8300443B6C /* CommuntityViewController.swift in Sources */ = {isa = PBXBuildFile; fileRef = 573FC6791E712E8300443B6C /* CommuntityViewController.swift */; };
		573FC67C1E712E8300443B6C /* CommuntityViewController.xib in Resources */ = {isa = PBXBuildFile; fileRef = 573FC67A1E712E8300443B6C /* CommuntityViewController.xib */; };
		573FC67F1E712E9000443B6C /* MineViewController.swift in Sources */ = {isa = PBXBuildFile; fileRef = 573FC67D1E712E9000443B6C /* MineViewController.swift */; };
		573FC6801E712E9000443B6C /* MineViewController.xib in Resources */ = {isa = PBXBuildFile; fileRef = 573FC67E1E712E9000443B6C /* MineViewController.xib */; };
		573FC6821E71305000443B6C /* BaseViewController.swift in Sources */ = {isa = PBXBuildFile; fileRef = 573FC6811E71305000443B6C /* BaseViewController.swift */; };
		573FC6851E71470800443B6C /* LAXTabBar.swift in Sources */ = {isa = PBXBuildFile; fileRef = 573FC6841E71470800443B6C /* LAXTabBar.swift */; };
		573FC6881E7152EF00443B6C /* RootViewController.swift in Sources */ = {isa = PBXBuildFile; fileRef = 573FC6861E7152EF00443B6C /* RootViewController.swift */; };
		574A6FFB1E72916C00071CC0 /* LAXAnimation.m in Sources */ = {isa = PBXBuildFile; fileRef = 574A6FFA1E72916C00071CC0 /* LAXAnimation.m */; };
		574A6FFD1E72919100071CC0 /* LAXAnimationManager.swift in Sources */ = {isa = PBXBuildFile; fileRef = 574A6FFC1E72919100071CC0 /* LAXAnimationManager.swift */; };
		57CE03991E6FF8C6005A0780 /* Assets.xcassets in Resources */ = {isa = PBXBuildFile; fileRef = 57CE03981E6FF8C6005A0780 /* Assets.xcassets */; };
/* End PBXBuildFile section */

/* Begin PBXFileReference section */
		573FC6381E710AB700443B6C /* Base */ = {isa = PBXFileReference; lastKnownFileType = file.storyboard; name = Base; path = LaunchScreen.storyboard; sourceTree = "<group>"; };
		573FC63C1E710AB700443B6C /* Base */ = {isa = PBXFileReference; lastKnownFileType = file.storyboard; name = Base; path = Main.storyboard; sourceTree = "<group>"; };
		573FC6431E710AB700443B6C /* MeiLiTVBridgingHeader.h */ = {isa = PBXFileReference; fileEncoding = 4; lastKnownFileType = sourcecode.c.h; path = MeiLiTVBridgingHeader.h; sourceTree = "<group>"; };
		573FC6471E710AB700443B6C /* LoginViewController.swift */ = {isa = PBXFileReference; fileEncoding = 4; lastKnownFileType = sourcecode.swift; path = LoginViewController.swift; sourceTree = "<group>"; };
		573FC64D1E710AB700443B6C /* AppDelegate.swift */ = {isa = PBXFileReference; fileEncoding = 4; lastKnownFileType = sourcecode.swift; path = AppDelegate.swift; sourceTree = "<group>"; };
		573FC64E1E710AB700443B6C /* Info.plist */ = {isa = PBXFileReference; fileEncoding = 4; lastKnownFileType = text.plist.xml; path = Info.plist; sourceTree = "<group>"; };
		573FC6581E71160E00443B6C /* LoginViewController.xib */ = {isa = PBXFileReference; fileEncoding = 4; lastKnownFileType = file.xib; path = LoginViewController.xib; sourceTree = "<group>"; };
		573FC65A1E71168700443B6C /* RegisterViewController.swift */ = {isa = PBXFileReference; fileEncoding = 4; lastKnownFileType = sourcecode.swift; path = RegisterViewController.swift; sourceTree = "<group>"; };
		573FC65B1E71168700443B6C /* RegisterViewController.xib */ = {isa = PBXFileReference; fileEncoding = 4; lastKnownFileType = file.xib; path = RegisterViewController.xib; sourceTree = "<group>"; };
		573FC6631E71205D00443B6C /* InterfaceHeader.h */ = {isa = PBXFileReference; lastKnownFileType = sourcecode.c.h; path = InterfaceHeader.h; sourceTree = "<group>"; };
		573FC6641E71212800443B6C /* ConstantHeader.swift */ = {isa = PBXFileReference; fileEncoding = 4; lastKnownFileType = sourcecode.swift; path = ConstantHeader.swift; sourceTree = "<group>"; };
		573FC66D1E712E5300443B6C /* MainViewController.swift */ = {isa = PBXFileReference; fileEncoding = 4; lastKnownFileType = sourcecode.swift; path = MainViewController.swift; sourceTree = "<group>"; };
		573FC66E1E712E5300443B6C /* MainViewController.xib */ = {isa = PBXFileReference; fileEncoding = 4; lastKnownFileType = file.xib; path = MainViewController.xib; sourceTree = "<group>"; };
		573FC6711E712E6700443B6C /* AttentionViewController.swift */ = {isa = PBXFileReference; fileEncoding = 4; lastKnownFileType = sourcecode.swift; path = AttentionViewController.swift; sourceTree = "<group>"; };
		573FC6721E712E6700443B6C /* AttentionViewController.xib */ = {isa = PBXFileReference; fileEncoding = 4; lastKnownFileType = file.xib; path = AttentionViewController.xib; sourceTree = "<group>"; };
		573FC6751E712E7400443B6C /* LiveViewController.swift */ = {isa = PBXFileReference; fileEncoding = 4; lastKnownFileType = sourcecode.swift; path = LiveViewController.swift; sourceTree = "<group>"; };
		573FC6761E712E7400443B6C /* LiveViewController.xib */ = {isa = PBXFileReference; fileEncoding = 4; lastKnownFileType = file.xib; path = LiveViewController.xib; sourceTree = "<group>"; };
		573FC6791E712E8300443B6C /* CommuntityViewController.swift */ = {isa = PBXFileReference; fileEncoding = 4; lastKnownFileType = sourcecode.swift; path = CommuntityViewController.swift; sourceTree = "<group>"; };
		573FC67A1E712E8300443B6C /* CommuntityViewController.xib */ = {isa = PBXFileReference; fileEncoding = 4; lastKnownFileType = file.xib; path = CommuntityViewController.xib; sourceTree = "<group>"; };
		573FC67D1E712E9000443B6C /* MineViewController.swift */ = {isa = PBXFileReference; fileEncoding = 4; lastKnownFileType = sourcecode.swift; path = MineViewController.swift; sourceTree = "<group>"; };
		573FC67E1E712E9000443B6C /* MineViewController.xib */ = {isa = PBXFileReference; fileEncoding = 4; lastKnownFileType = file.xib; path = MineViewController.xib; sourceTree = "<group>"; };
		573FC6811E71305000443B6C /* BaseViewController.swift */ = {isa = PBXFileReference; fileEncoding = 4; lastKnownFileType = sourcecode.swift; path = BaseViewController.swift; sourceTree = "<group>"; };
		573FC6841E71470800443B6C /* LAXTabBar.swift */ = {isa = PBXFileReference; fileEncoding = 4; lastKnownFileType = sourcecode.swift; path = LAXTabBar.swift; sourceTree = "<group>"; };
		573FC6861E7152EF00443B6C /* RootViewController.swift */ = {isa = PBXFileReference; fileEncoding = 4; lastKnownFileType = sourcecode.swift; path = RootViewController.swift; sourceTree = "<group>"; };
		574A6FF91E72916C00071CC0 /* LAXAnimation.h */ = {isa = PBXFileReference; fileEncoding = 4; lastKnownFileType = sourcecode.c.h; path = LAXAnimation.h; sourceTree = "<group>"; };
		574A6FFA1E72916C00071CC0 /* LAXAnimation.m */ = {isa = PBXFileReference; fileEncoding = 4; lastKnownFileType = sourcecode.c.objc; path = LAXAnimation.m; sourceTree = "<group>"; };
		574A6FFC1E72919100071CC0 /* LAXAnimationManager.swift */ = {isa = PBXFileReference; fileEncoding = 4; lastKnownFileType = sourcecode.swift; path = LAXAnimationManager.swift; sourceTree = "<group>"; };
		57CE038E1E6FF8C5005A0780 /* MeiLiTV.app */ = {isa = PBXFileReference; explicitFileType = wrapper.application; includeInIndex = 0; path = MeiLiTV.app; sourceTree = BUILT_PRODUCTS_DIR; };
		57CE03981E6FF8C6005A0780 /* Assets.xcassets */ = {isa = PBXFileReference; lastKnownFileType = folder.assetcatalog; path = Assets.xcassets; sourceTree = "<group>"; };
		78B8ECB851C9262C3B9BC0A5 /* Pods_MeiLiTV.framework */ = {isa = PBXFileReference; explicitFileType = wrapper.framework; includeInIndex = 0; path = Pods_MeiLiTV.framework; sourceTree = BUILT_PRODUCTS_DIR; };
		C0265B932CE98EE4A6AD7D70 /* Pods-MeiLiTV.debug.xcconfig */ = {isa = PBXFileReference; includeInIndex = 1; lastKnownFileType = text.xcconfig; name = "Pods-MeiLiTV.debug.xcconfig"; path = "Pods/Target Support Files/Pods-MeiLiTV/Pods-MeiLiTV.debug.xcconfig"; sourceTree = "<group>"; };
		D11F5144D7283BFB5BD67242 /* Pods-MeiLiTV.release.xcconfig */ = {isa = PBXFileReference; includeInIndex = 1; lastKnownFileType = text.xcconfig; name = "Pods-MeiLiTV.release.xcconfig"; path = "Pods/Target Support Files/Pods-MeiLiTV/Pods-MeiLiTV.release.xcconfig"; sourceTree = "<group>"; };
/* End PBXFileReference section */

/* Begin PBXFrameworksBuildPhase section */
		57CE038B1E6FF8C5005A0780 /* Frameworks */ = {
			isa = PBXFrameworksBuildPhase;
			buildActionMask = 2147483647;
			files = (
				12B281A79D4E8810940B20AD /* Pods_MeiLiTV.framework in Frameworks */,
			);
			runOnlyForDeploymentPostprocessing = 0;
		};
/* End PBXFrameworksBuildPhase section */

/* Begin PBXGroup section */
		32FA02BAE554F0C534BDF968 /* Pods */ = {
			isa = PBXGroup;
			children = (
				C0265B932CE98EE4A6AD7D70 /* Pods-MeiLiTV.debug.xcconfig */,
				D11F5144D7283BFB5BD67242 /* Pods-MeiLiTV.release.xcconfig */,
			);
			name = Pods;
			sourceTree = "<group>";
		};
		573FC6361E710AB700443B6C /* Base.lproj */ = {
			isa = PBXGroup;
			children = (
				573FC6371E710AB700443B6C /* LaunchScreen.storyboard */,
				573FC63B1E710AB700443B6C /* Main.storyboard */,
			);
			path = Base.lproj;
			sourceTree = "<group>";
		};
		573FC63D1E710AB700443B6C /* Model */ = {
			isa = PBXGroup;
			children = (
			);
			path = Model;
			sourceTree = "<group>";
		};
		573FC63E1E710AB700443B6C /* Resource */ = {
			isa = PBXGroup;
			children = (
				574A6FF81E72916C00071CC0 /* LAXAnimation */,
			);
			path = Resource;
			sourceTree = "<group>";
		};
		573FC6421E710AB700443B6C /* Util */ = {
			isa = PBXGroup;
			children = (
				573FC6431E710AB700443B6C /* MeiLiTVBridgingHeader.h */,
				573FC6631E71205D00443B6C /* InterfaceHeader.h */,
				573FC6641E71212800443B6C /* ConstantHeader.swift */,
				574A6FFC1E72919100071CC0 /* LAXAnimationManager.swift */,
			);
			path = Util;
			sourceTree = "<group>";
		};
		573FC6441E710AB700443B6C /* View */ = {
			isa = PBXGroup;
			children = (
				573FC6451E710AB700443B6C /* Controller */,
				573FC64B1E710AB700443B6C /* View */,
			);
			path = View;
			sourceTree = "<group>";
		};
		573FC6451E710AB700443B6C /* Controller */ = {
			isa = PBXGroup;
			children = (
				573FC6811E71305000443B6C /* BaseViewController.swift */,
				573FC6861E7152EF00443B6C /* RootViewController.swift */,
				573FC6461E710AB700443B6C /* Login */,
				573FC6691E712E1C00443B6C /* Main */,
				573FC6661E712E1C00443B6C /* Attention */,
				573FC6681E712E1C00443B6C /* Live */,
				573FC6671E712E1C00443B6C /* Community */,
				573FC66A1E712E1C00443B6C /* Mine */,
			);
			path = Controller;
			sourceTree = "<group>";
		};
		573FC6461E710AB700443B6C /* Login */ = {
			isa = PBXGroup;
			children = (
				573FC6471E710AB700443B6C /* LoginViewController.swift */,
				573FC6581E71160E00443B6C /* LoginViewController.xib */,
				573FC65A1E71168700443B6C /* RegisterViewController.swift */,
				573FC65B1E71168700443B6C /* RegisterViewController.xib */,
			);
			path = Login;
			sourceTree = "<group>";
		};
		573FC64B1E710AB700443B6C /* View */ = {
			isa = PBXGroup;
			children = (
				573FC6831E7146E700443B6C /* Custom */,
			);
			path = View;
			sourceTree = "<group>";
		};
		573FC64C1E710AB700443B6C /* ViewModel */ = {
			isa = PBXGroup;
			children = (
			);
			path = ViewModel;
			sourceTree = "<group>";
		};
		573FC6661E712E1C00443B6C /* Attention */ = {
			isa = PBXGroup;
			children = (
				573FC6711E712E6700443B6C /* AttentionViewController.swift */,
				573FC6721E712E6700443B6C /* AttentionViewController.xib */,
			);
			path = Attention;
			sourceTree = "<group>";
		};
		573FC6671E712E1C00443B6C /* Community */ = {
			isa = PBXGroup;
			children = (
				573FC6791E712E8300443B6C /* CommuntityViewController.swift */,
				573FC67A1E712E8300443B6C /* CommuntityViewController.xib */,
			);
			path = Community;
			sourceTree = "<group>";
		};
		573FC6681E712E1C00443B6C /* Live */ = {
			isa = PBXGroup;
			children = (
				573FC6751E712E7400443B6C /* LiveViewController.swift */,
				573FC6761E712E7400443B6C /* LiveViewController.xib */,
			);
			path = Live;
			sourceTree = "<group>";
		};
		573FC6691E712E1C00443B6C /* Main */ = {
			isa = PBXGroup;
			children = (
				573FC66D1E712E5300443B6C /* MainViewController.swift */,
				573FC66E1E712E5300443B6C /* MainViewController.xib */,
			);
			path = Main;
			sourceTree = "<group>";
		};
		573FC66A1E712E1C00443B6C /* Mine */ = {
			isa = PBXGroup;
			children = (
				573FC67D1E712E9000443B6C /* MineViewController.swift */,
				573FC67E1E712E9000443B6C /* MineViewController.xib */,
			);
			path = Mine;
			sourceTree = "<group>";
		};
		573FC6831E7146E700443B6C /* Custom */ = {
			isa = PBXGroup;
			children = (
				573FC6841E71470800443B6C /* LAXTabBar.swift */,
			);
			path = Custom;
			sourceTree = "<group>";
		};
		574A6FF81E72916C00071CC0 /* LAXAnimation */ = {
			isa = PBXGroup;
			children = (
				574A6FF91E72916C00071CC0 /* LAXAnimation.h */,
				574A6FFA1E72916C00071CC0 /* LAXAnimation.m */,
			);
			path = LAXAnimation;
			sourceTree = "<group>";
		};
		57CE03851E6FF8C5005A0780 = {
			isa = PBXGroup;
			children = (
				57CE03901E6FF8C5005A0780 /* MeiLiTV */,
				57CE038F1E6FF8C5005A0780 /* Products */,
				32FA02BAE554F0C534BDF968 /* Pods */,
				7D4C21E578D1341F04999E74 /* Frameworks */,
			);
			sourceTree = "<group>";
		};
		57CE038F1E6FF8C5005A0780 /* Products */ = {
			isa = PBXGroup;
			children = (
				57CE038E1E6FF8C5005A0780 /* MeiLiTV.app */,
			);
			name = Products;
			sourceTree = "<group>";
		};
		57CE03901E6FF8C5005A0780 /* MeiLiTV */ = {
			isa = PBXGroup;
			children = (
				573FC6361E710AB700443B6C /* Base.lproj */,
				573FC6421E710AB700443B6C /* Util */,
				573FC63D1E710AB700443B6C /* Model */,
				573FC6441E710AB700443B6C /* View */,
				573FC64C1E710AB700443B6C /* ViewModel */,
				573FC63E1E710AB700443B6C /* Resource */,
				573FC64D1E710AB700443B6C /* AppDelegate.swift */,
				573FC64E1E710AB700443B6C /* Info.plist */,
				57CE03981E6FF8C6005A0780 /* Assets.xcassets */,
			);
			path = MeiLiTV;
			sourceTree = "<group>";
		};
		7D4C21E578D1341F04999E74 /* Frameworks */ = {
			isa = PBXGroup;
			children = (
				78B8ECB851C9262C3B9BC0A5 /* Pods_MeiLiTV.framework */,
			);
			name = Frameworks;
			sourceTree = "<group>";
		};
/* End PBXGroup section */

/* Begin PBXNativeTarget section */
		57CE038D1E6FF8C5005A0780 /* MeiLiTV */ = {
			isa = PBXNativeTarget;
			buildConfigurationList = 57CE03A01E6FF8C6005A0780 /* Build configuration list for PBXNativeTarget "MeiLiTV" */;
			buildPhases = (
				C3B24D5B54993DF920AAD139 /* [CP] Check Pods Manifest.lock */,
				57CE038A1E6FF8C5005A0780 /* Sources */,
				57CE038B1E6FF8C5005A0780 /* Frameworks */,
				57CE038C1E6FF8C5005A0780 /* Resources */,
				9F2DAA3EE2D9ADAC83ABC665 /* [CP] Embed Pods Frameworks */,
				8D8506073DF46D66D0E9D916 /* [CP] Copy Pods Resources */,
			);
			buildRules = (
			);
			dependencies = (
			);
			name = MeiLiTV;
			productName = MeiLiTV;
			productReference = 57CE038E1E6FF8C5005A0780 /* MeiLiTV.app */;
			productType = "com.apple.product-type.application";
		};
/* End PBXNativeTarget section */

/* Begin PBXProject section */
		57CE03861E6FF8C5005A0780 /* Project object */ = {
			isa = PBXProject;
			attributes = {
				LastSwiftUpdateCheck = 0820;
				LastUpgradeCheck = 0820;
				ORGANIZATIONNAME = "冰凉的枷锁";
				TargetAttributes = {
					57CE038D1E6FF8C5005A0780 = {
						CreatedOnToolsVersion = 8.2.1;
						DevelopmentTeam = 6E7363BSKG;
						ProvisioningStyle = Automatic;
					};
				};
			};
			buildConfigurationList = 57CE03891E6FF8C5005A0780 /* Build configuration list for PBXProject "MeiLiTV" */;
			compatibilityVersion = "Xcode 3.2";
			developmentRegion = English;
			hasScannedForEncodings = 0;
			knownRegions = (
				en,
				Base,
			);
			mainGroup = 57CE03851E6FF8C5005A0780;
			productRefGroup = 57CE038F1E6FF8C5005A0780 /* Products */;
			projectDirPath = "";
			projectRoot = "";
			targets = (
				57CE038D1E6FF8C5005A0780 /* MeiLiTV */,
			);
		};
/* End PBXProject section */

/* Begin PBXResourcesBuildPhase section */
		57CE038C1E6FF8C5005A0780 /* Resources */ = {
			isa = PBXResourcesBuildPhase;
			buildActionMask = 2147483647;
			files = (
				573FC6591E71160E00443B6C /* LoginViewController.xib in Resources */,
				573FC6781E712E7400443B6C /* LiveViewController.xib in Resources */,
				573FC6801E712E9000443B6C /* MineViewController.xib in Resources */,
				573FC6741E712E6700443B6C /* AttentionViewController.xib in Resources */,
				57CE03991E6FF8C6005A0780 /* Assets.xcassets in Resources */,
				573FC64F1E710AB700443B6C /* LaunchScreen.storyboard in Resources */,
				573FC67C1E712E8300443B6C /* CommuntityViewController.xib in Resources */,
				573FC6571E710AB700443B6C /* Info.plist in Resources */,
				573FC6511E710AB700443B6C /* Main.storyboard in Resources */,
				573FC6701E712E5300443B6C /* MainViewController.xib in Resources */,
				573FC65D1E71168700443B6C /* RegisterViewController.xib in Resources */,
			);
			runOnlyForDeploymentPostprocessing = 0;
		};
/* End PBXResourcesBuildPhase section */

/* Begin PBXShellScriptBuildPhase section */
		8D8506073DF46D66D0E9D916 /* [CP] Copy Pods Resources */ = {
			isa = PBXShellScriptBuildPhase;
			buildActionMask = 2147483647;
			files = (
			);
			inputPaths = (
			);
			name = "[CP] Copy Pods Resources";
			outputPaths = (
			);
			runOnlyForDeploymentPostprocessing = 0;
			shellPath = /bin/sh;
			shellScript = "\"${SRCROOT}/Pods/Target Support Files/Pods-MeiLiTV/Pods-MeiLiTV-resources.sh\"\n";
			showEnvVarsInLog = 0;
		};
		9F2DAA3EE2D9ADAC83ABC665 /* [CP] Embed Pods Frameworks */ = {
			isa = PBXShellScriptBuildPhase;
			buildActionMask = 2147483647;
			files = (
			);
			inputPaths = (
			);
			name = "[CP] Embed Pods Frameworks";
			outputPaths = (
			);
			runOnlyForDeploymentPostprocessing = 0;
			shellPath = /bin/sh;
			shellScript = "\"${SRCROOT}/Pods/Target Support Files/Pods-MeiLiTV/Pods-MeiLiTV-frameworks.sh\"\n";
			showEnvVarsInLog = 0;
		};
		C3B24D5B54993DF920AAD139 /* [CP] Check Pods Manifest.lock */ = {
			isa = PBXShellScriptBuildPhase;
			buildActionMask = 2147483647;
			files = (
			);
			inputPaths = (
			);
			name = "[CP] Check Pods Manifest.lock";
			outputPaths = (
			);
			runOnlyForDeploymentPostprocessing = 0;
			shellPath = /bin/sh;
			shellScript = "diff \"${PODS_ROOT}/../Podfile.lock\" \"${PODS_ROOT}/Manifest.lock\" > /dev/null\nif [ $? != 0 ] ; then\n    # print error to STDERR\n    echo \"error: The sandbox is not in sync with the Podfile.lock. Run 'pod install' or update your CocoaPods installation.\" >&2\n    exit 1\nfi\n";
			showEnvVarsInLog = 0;
		};
/* End PBXShellScriptBuildPhase section */

/* Begin PBXSourcesBuildPhase section */
		57CE038A1E6FF8C5005A0780 /* Sources */ = {
			isa = PBXSourcesBuildPhase;
			buildActionMask = 2147483647;
			files = (
				573FC66F1E712E5300443B6C /* MainViewController.swift in Sources */,
				573FC67F1E712E9000443B6C /* MineViewController.swift in Sources */,
				573FC65C1E71168700443B6C /* RegisterViewController.swift in Sources */,
				573FC6531E710AB700443B6C /* LoginViewController.swift in Sources */,
				574A6FFB1E72916C00071CC0 /* LAXAnimation.m in Sources */,
				573FC6561E710AB700443B6C /* AppDelegate.swift in Sources */,
				573FC6821E71305000443B6C /* BaseViewController.swift in Sources */,
				573FC67B1E712E8300443B6C /* CommuntityViewController.swift in Sources */,
				573FC6851E71470800443B6C /* LAXTabBar.swift in Sources */,
				573FC6731E712E6700443B6C /* AttentionViewController.swift in Sources */,
				573FC6881E7152EF00443B6C /* RootViewController.swift in Sources */,
				573FC6651E71212800443B6C /* ConstantHeader.swift in Sources */,
				574A6FFD1E72919100071CC0 /* LAXAnimationManager.swift in Sources */,
				573FC6771E712E7400443B6C /* LiveViewController.swift in Sources */,
			);
			runOnlyForDeploymentPostprocessing = 0;
		};
/* End PBXSourcesBuildPhase section */

/* Begin PBXVariantGroup section */
		573FC6371E710AB700443B6C /* LaunchScreen.storyboard */ = {
			isa = PBXVariantGroup;
			children = (
				573FC6381E710AB700443B6C /* Base */,
			);
			name = LaunchScreen.storyboard;
			sourceTree = "<group>";
		};
		573FC63B1E710AB700443B6C /* Main.storyboard */ = {
			isa = PBXVariantGroup;
			children = (
				573FC63C1E710AB700443B6C /* Base */,
			);
			name = Main.storyboard;
			sourceTree = "<group>";
		};
/* End PBXVariantGroup section */

/* Begin XCBuildConfiguration section */
		57CE039E1E6FF8C6005A0780 /* Debug */ = {
			isa = XCBuildConfiguration;
			buildSettings = {
				ALWAYS_SEARCH_USER_PATHS = NO;
				CLANG_ANALYZER_NONNULL = YES;
				CLANG_CXX_LANGUAGE_STANDARD = "gnu++0x";
				CLANG_CXX_LIBRARY = "libc++";
				CLANG_ENABLE_MODULES = YES;
				CLANG_ENABLE_OBJC_ARC = YES;
				CLANG_WARN_BOOL_CONVERSION = YES;
				CLANG_WARN_CONSTANT_CONVERSION = YES;
				CLANG_WARN_DIRECT_OBJC_ISA_USAGE = YES_ERROR;
				CLANG_WARN_DOCUMENTATION_COMMENTS = YES;
				CLANG_WARN_EMPTY_BODY = YES;
				CLANG_WARN_ENUM_CONVERSION = YES;
				CLANG_WARN_INFINITE_RECURSION = YES;
				CLANG_WARN_INT_CONVERSION = YES;
				CLANG_WARN_OBJC_ROOT_CLASS = YES_ERROR;
				CLANG_WARN_SUSPICIOUS_MOVE = YES;
				CLANG_WARN_UNREACHABLE_CODE = YES;
				CLANG_WARN__DUPLICATE_METHOD_MATCH = YES;
				"CODE_SIGN_IDENTITY[sdk=iphoneos*]" = "iPhone Developer";
				COPY_PHASE_STRIP = NO;
				DEBUG_INFORMATION_FORMAT = dwarf;
				ENABLE_STRICT_OBJC_MSGSEND = YES;
				ENABLE_TESTABILITY = YES;
				GCC_C_LANGUAGE_STANDARD = gnu99;
				GCC_DYNAMIC_NO_PIC = NO;
				GCC_NO_COMMON_BLOCKS = YES;
				GCC_OPTIMIZATION_LEVEL = 0;
				GCC_PREPROCESSOR_DEFINITIONS = (
					"DEBUG=1",
					"$(inherited)",
				);
				GCC_WARN_64_TO_32_BIT_CONVERSION = YES;
				GCC_WARN_ABOUT_RETURN_TYPE = YES_ERROR;
				GCC_WARN_UNDECLARED_SELECTOR = YES;
				GCC_WARN_UNINITIALIZED_AUTOS = YES_AGGRESSIVE;
				GCC_WARN_UNUSED_FUNCTION = YES;
				GCC_WARN_UNUSED_VARIABLE = YES;
				IPHONEOS_DEPLOYMENT_TARGET = 8.0;
				MTL_ENABLE_DEBUG_INFO = YES;
				ONLY_ACTIVE_ARCH = YES;
				SDKROOT = iphoneos;
				SWIFT_ACTIVE_COMPILATION_CONDITIONS = DEBUG;
				SWIFT_OPTIMIZATION_LEVEL = "-Onone";
			};
			name = Debug;
		};
		57CE039F1E6FF8C6005A0780 /* Release */ = {
			isa = XCBuildConfiguration;
			buildSettings = {
				ALWAYS_SEARCH_USER_PATHS = NO;
				CLANG_ANALYZER_NONNULL = YES;
				CLANG_CXX_LANGUAGE_STANDARD = "gnu++0x";
				CLANG_CXX_LIBRARY = "libc++";
				CLANG_ENABLE_MODULES = YES;
				CLANG_ENABLE_OBJC_ARC = YES;
				CLANG_WARN_BOOL_CONVERSION = YES;
				CLANG_WARN_CONSTANT_CONVERSION = YES;
				CLANG_WARN_DIRECT_OBJC_ISA_USAGE = YES_ERROR;
				CLANG_WARN_DOCUMENTATION_COMMENTS = YES;
				CLANG_WARN_EMPTY_BODY = YES;
				CLANG_WARN_ENUM_CONVERSION = YES;
				CLANG_WARN_INFINITE_RECURSION = YES;
				CLANG_WARN_INT_CONVERSION = YES;
				CLANG_WARN_OBJC_ROOT_CLASS = YES_ERROR;
				CLANG_WARN_SUSPICIOUS_MOVE = YES;
				CLANG_WARN_UNREACHABLE_CODE = YES;
				CLANG_WARN__DUPLICATE_METHOD_MATCH = YES;
				"CODE_SIGN_IDENTITY[sdk=iphoneos*]" = "iPhone Developer";
				COPY_PHASE_STRIP = NO;
				DEBUG_INFORMATION_FORMAT = "dwarf-with-dsym";
				ENABLE_NS_ASSERTIONS = NO;
				ENABLE_STRICT_OBJC_MSGSEND = YES;
				GCC_C_LANGUAGE_STANDARD = gnu99;
				GCC_NO_COMMON_BLOCKS = YES;
				GCC_WARN_64_TO_32_BIT_CONVERSION = YES;
				GCC_WARN_ABOUT_RETURN_TYPE = YES_ERROR;
				GCC_WARN_UNDECLARED_SELECTOR = YES;
				GCC_WARN_UNINITIALIZED_AUTOS = YES_AGGRESSIVE;
				GCC_WARN_UNUSED_FUNCTION = YES;
				GCC_WARN_UNUSED_VARIABLE = YES;
				IPHONEOS_DEPLOYMENT_TARGET = 8.0;
				MTL_ENABLE_DEBUG_INFO = NO;
				SDKROOT = iphoneos;
				SWIFT_OPTIMIZATION_LEVEL = "-Owholemodule";
				VALIDATE_PRODUCT = YES;
			};
			name = Release;
		};
		57CE03A11E6FF8C6005A0780 /* Debug */ = {
			isa = XCBuildConfiguration;
			baseConfigurationReference = C0265B932CE98EE4A6AD7D70 /* Pods-MeiLiTV.debug.xcconfig */;
			buildSettings = {
				ASSETCATALOG_COMPILER_APPICON_NAME = AppIcon;
				DEVELOPMENT_TEAM = 6E7363BSKG;
				INFOPLIST_FILE = MeiLiTV/Info.plist;
				IPHONEOS_DEPLOYMENT_TARGET = 8.0;
				LD_RUNPATH_SEARCH_PATHS = "$(inherited) @executable_path/Frameworks";
				PRODUCT_BUNDLE_IDENTIFIER = com.sdut.MeiLiTV;
				PRODUCT_NAME = "$(TARGET_NAME)";
				SWIFT_OBJC_BRIDGING_HEADER = "$(SRCROOT)/MeiLiTV/Util/MeiLiTVBridgingHeader.h";
				SWIFT_VERSION = 3.0;
			};
			name = Debug;
		};
		57CE03A21E6FF8C6005A0780 /* Release */ = {
			isa = XCBuildConfiguration;
			baseConfigurationReference = D11F5144D7283BFB5BD67242 /* Pods-MeiLiTV.release.xcconfig */;
			buildSettings = {
				ASSETCATALOG_COMPILER_APPICON_NAME = AppIcon;
				DEVELOPMENT_TEAM = 6E7363BSKG;
				INFOPLIST_FILE = MeiLiTV/Info.plist;
				IPHONEOS_DEPLOYMENT_TARGET = 8.0;
				LD_RUNPATH_SEARCH_PATHS = "$(inherited) @executable_path/Frameworks";
				PRODUCT_BUNDLE_IDENTIFIER = com.sdut.MeiLiTV;
				PRODUCT_NAME = "$(TARGET_NAME)";
				SWIFT_OBJC_BRIDGING_HEADER = "$(SRCROOT)/MeiLiTV/Util/MeiLiTVBridgingHeader.h";
				SWIFT_VERSION = 3.0;
			};
			name = Release;
		};
/* End XCBuildConfiguration section */

/* Begin XCConfigurationList section */
		57CE03891E6FF8C5005A0780 /* Build configuration list for PBXProject "MeiLiTV" */ = {
			isa = XCConfigurationList;
			buildConfigurations = (
				57CE039E1E6FF8C6005A0780 /* Debug */,
				57CE039F1E6FF8C6005A0780 /* Release */,
			);
			defaultConfigurationIsVisible = 0;
			defaultConfigurationName = Release;
		};
		57CE03A01E6FF8C6005A0780 /* Build configuration list for PBXNativeTarget "MeiLiTV" */ = {
			isa = XCConfigurationList;
			buildConfigurations = (
				57CE03A11E6FF8C6005A0780 /* Debug */,
				57CE03A21E6FF8C6005A0780 /* Release */,
			);
			defaultConfigurationIsVisible = 0;
			defaultConfigurationName = Release;
		};
/* End XCConfigurationList section */
	};
	rootObject = 57CE03861E6FF8C5005A0780 /* Project object */;
}
