// !$*UTF8*$!
{
	archiveVersion = 1;
	classes = {
	};
	objectVersion = 46;
	objects = {

/* Begin PBXBuildFile section */
		573E02AF1E8A4C3900EC2DBA /* MainViewController.swift in Sources */ = {isa = PBXBuildFile; fileRef = 573E02AA1E8A4C3900EC2DBA /* MainViewController.swift */; };
		573E02B01E8A4C3900EC2DBA /* AttentionViewController.swift in Sources */ = {isa = PBXBuildFile; fileRef = 573E02AB1E8A4C3900EC2DBA /* AttentionViewController.swift */; };
		573E02B11E8A4C3900EC2DBA /* LiveViewController.swift in Sources */ = {isa = PBXBuildFile; fileRef = 573E02AC1E8A4C3900EC2DBA /* LiveViewController.swift */; };
		573E02B21E8A4C3900EC2DBA /* CommuntityViewController.swift in Sources */ = {isa = PBXBuildFile; fileRef = 573E02AD1E8A4C3900EC2DBA /* CommuntityViewController.swift */; };
		573E02B31E8A4C3900EC2DBA /* MineViewController.swift in Sources */ = {isa = PBXBuildFile; fileRef = 573E02AE1E8A4C3900EC2DBA /* MineViewController.swift */; };
		573E02B81E8A4C8500EC2DBA /* LAXTabBarController.swift in Sources */ = {isa = PBXBuildFile; fileRef = 573E02B71E8A4C8500EC2DBA /* LAXTabBarController.swift */; };
		573E02BA1E8A4C9100EC2DBA /* LAXTabBar.swift in Sources */ = {isa = PBXBuildFile; fileRef = 573E02B91E8A4C9100EC2DBA /* LAXTabBar.swift */; };
		573E02BC1E8A4CDC00EC2DBA /* RootViewController.swift in Sources */ = {isa = PBXBuildFile; fileRef = 573E02BB1E8A4CDC00EC2DBA /* RootViewController.swift */; };
		579140BD1E87A44E006EF3AF /* AppDelegate.swift in Sources */ = {isa = PBXBuildFile; fileRef = 579140BC1E87A44E006EF3AF /* AppDelegate.swift */; };
		579140BF1E87A44E006EF3AF /* ViewController.swift in Sources */ = {isa = PBXBuildFile; fileRef = 579140BE1E87A44E006EF3AF /* ViewController.swift */; };
		579140C21E87A44E006EF3AF /* Main.storyboard in Resources */ = {isa = PBXBuildFile; fileRef = 579140C01E87A44E006EF3AF /* Main.storyboard */; };
		579140C41E87A44E006EF3AF /* Assets.xcassets in Resources */ = {isa = PBXBuildFile; fileRef = 579140C31E87A44E006EF3AF /* Assets.xcassets */; };
		579140C71E87A44E006EF3AF /* LaunchScreen.storyboard in Resources */ = {isa = PBXBuildFile; fileRef = 579140C51E87A44E006EF3AF /* LaunchScreen.storyboard */; };
/* End PBXBuildFile section */

/* Begin PBXFileReference section */
		573E02AA1E8A4C3900EC2DBA /* MainViewController.swift */ = {isa = PBXFileReference; fileEncoding = 4; lastKnownFileType = sourcecode.swift; path = MainViewController.swift; sourceTree = "<group>"; };
		573E02AB1E8A4C3900EC2DBA /* AttentionViewController.swift */ = {isa = PBXFileReference; fileEncoding = 4; lastKnownFileType = sourcecode.swift; path = AttentionViewController.swift; sourceTree = "<group>"; };
		573E02AC1E8A4C3900EC2DBA /* LiveViewController.swift */ = {isa = PBXFileReference; fileEncoding = 4; lastKnownFileType = sourcecode.swift; path = LiveViewController.swift; sourceTree = "<group>"; };
		573E02AD1E8A4C3900EC2DBA /* CommuntityViewController.swift */ = {isa = PBXFileReference; fileEncoding = 4; lastKnownFileType = sourcecode.swift; path = CommuntityViewController.swift; sourceTree = "<group>"; };
		573E02AE1E8A4C3900EC2DBA /* MineViewController.swift */ = {isa = PBXFileReference; fileEncoding = 4; lastKnownFileType = sourcecode.swift; path = MineViewController.swift; sourceTree = "<group>"; };
		573E02B71E8A4C8500EC2DBA /* LAXTabBarController.swift */ = {isa = PBXFileReference; fileEncoding = 4; lastKnownFileType = sourcecode.swift; path = LAXTabBarController.swift; sourceTree = "<group>"; };
		573E02B91E8A4C9100EC2DBA /* LAXTabBar.swift */ = {isa = PBXFileReference; fileEncoding = 4; lastKnownFileType = sourcecode.swift; path = LAXTabBar.swift; sourceTree = "<group>"; };
		573E02BB1E8A4CDC00EC2DBA /* RootViewController.swift */ = {isa = PBXFileReference; fileEncoding = 4; lastKnownFileType = sourcecode.swift; path = RootViewController.swift; sourceTree = "<group>"; };
		579140B91E87A44E006EF3AF /* LAXTabBarController.app */ = {isa = PBXFileReference; explicitFileType = wrapper.application; includeInIndex = 0; path = LAXTabBarController.app; sourceTree = BUILT_PRODUCTS_DIR; };
		579140BC1E87A44E006EF3AF /* AppDelegate.swift */ = {isa = PBXFileReference; lastKnownFileType = sourcecode.swift; path = AppDelegate.swift; sourceTree = "<group>"; };
		579140BE1E87A44E006EF3AF /* ViewController.swift */ = {isa = PBXFileReference; lastKnownFileType = sourcecode.swift; path = ViewController.swift; sourceTree = "<group>"; };
		579140C11E87A44E006EF3AF /* Base */ = {isa = PBXFileReference; lastKnownFileType = file.storyboard; name = Base; path = Base.lproj/Main.storyboard; sourceTree = "<group>"; };
		579140C31E87A44E006EF3AF /* Assets.xcassets */ = {isa = PBXFileReference; lastKnownFileType = folder.assetcatalog; path = Assets.xcassets; sourceTree = "<group>"; };
		579140C61E87A44E006EF3AF /* Base */ = {isa = PBXFileReference; lastKnownFileType = file.storyboard; name = Base; path = Base.lproj/LaunchScreen.storyboard; sourceTree = "<group>"; };
		579140C81E87A44E006EF3AF /* Info.plist */ = {isa = PBXFileReference; lastKnownFileType = text.plist.xml; path = Info.plist; sourceTree = "<group>"; };
/* End PBXFileReference section */

/* Begin PBXFrameworksBuildPhase section */
		579140B61E87A44E006EF3AF /* Frameworks */ = {
			isa = PBXFrameworksBuildPhase;
			buildActionMask = 2147483647;
			files = (
			);
			runOnlyForDeploymentPostprocessing = 0;
		};
/* End PBXFrameworksBuildPhase section */

/* Begin PBXGroup section */
		573E02B61E8A4C7700EC2DBA /* LAXTabBarController */ = {
			isa = PBXGroup;
			children = (
				573E02B91E8A4C9100EC2DBA /* LAXTabBar.swift */,
				573E02B71E8A4C8500EC2DBA /* LAXTabBarController.swift */,
			);
			path = LAXTabBarController;
			sourceTree = "<group>";
		};
		579140B01E87A44E006EF3AF = {
			isa = PBXGroup;
			children = (
				579140BB1E87A44E006EF3AF /* LAXTabBarController */,
				579140BA1E87A44E006EF3AF /* Products */,
			);
			sourceTree = "<group>";
		};
		579140BA1E87A44E006EF3AF /* Products */ = {
			isa = PBXGroup;
			children = (
				579140B91E87A44E006EF3AF /* LAXTabBarController.app */,
			);
			name = Products;
			sourceTree = "<group>";
		};
		579140BB1E87A44E006EF3AF /* LAXTabBarController */ = {
			isa = PBXGroup;
			children = (
				579140BC1E87A44E006EF3AF /* AppDelegate.swift */,
				579140BE1E87A44E006EF3AF /* ViewController.swift */,
				573E02BB1E8A4CDC00EC2DBA /* RootViewController.swift */,
				573E02AA1E8A4C3900EC2DBA /* MainViewController.swift */,
				573E02AB1E8A4C3900EC2DBA /* AttentionViewController.swift */,
				573E02AC1E8A4C3900EC2DBA /* LiveViewController.swift */,
				573E02AD1E8A4C3900EC2DBA /* CommuntityViewController.swift */,
				573E02AE1E8A4C3900EC2DBA /* MineViewController.swift */,
				573E02B61E8A4C7700EC2DBA /* LAXTabBarController */,
				579140C01E87A44E006EF3AF /* Main.storyboard */,
				579140C31E87A44E006EF3AF /* Assets.xcassets */,
				579140C51E87A44E006EF3AF /* LaunchScreen.storyboard */,
				579140C81E87A44E006EF3AF /* Info.plist */,
			);
			path = LAXTabBarController;
			sourceTree = "<group>";
		};
/* End PBXGroup section */

/* Begin PBXNativeTarget section */
		579140B81E87A44E006EF3AF /* LAXTabBarController */ = {
			isa = PBXNativeTarget;
			buildConfigurationList = 579140CB1E87A44E006EF3AF /* Build configuration list for PBXNativeTarget "LAXTabBarController" */;
			buildPhases = (
				579140B51E87A44E006EF3AF /* Sources */,
				579140B61E87A44E006EF3AF /* Frameworks */,
				579140B71E87A44E006EF3AF /* Resources */,
			);
			buildRules = (
			);
			dependencies = (
			);
			name = LAXTabBarController;
			productName = LAXTabBarController;
			productReference = 579140B91E87A44E006EF3AF /* LAXTabBarController.app */;
			productType = "com.apple.product-type.application";
		};
/* End PBXNativeTarget section */

/* Begin PBXProject section */
		579140B11E87A44E006EF3AF /* Project object */ = {
			isa = PBXProject;
			attributes = {
				LastSwiftUpdateCheck = 0820;
				LastUpgradeCheck = 0820;
				ORGANIZATIONNAME = "冰凉的枷锁";
				TargetAttributes = {
					579140B81E87A44E006EF3AF = {
						CreatedOnToolsVersion = 8.2.1;
						ProvisioningStyle = Automatic;
					};
				};
			};
			buildConfigurationList = 579140B41E87A44E006EF3AF /* Build configuration list for PBXProject "LAXTabBarController" */;
			compatibilityVersion = "Xcode 3.2";
			developmentRegion = English;
			hasScannedForEncodings = 0;
			knownRegions = (
				en,
				Base,
			);
			mainGroup = 579140B01E87A44E006EF3AF;
			productRefGroup = 579140BA1E87A44E006EF3AF /* Products */;
			projectDirPath = "";
			projectRoot = "";
			targets = (
				579140B81E87A44E006EF3AF /* LAXTabBarController */,
			);
		};
/* End PBXProject section */

/* Begin PBXResourcesBuildPhase section */
		579140B71E87A44E006EF3AF /* Resources */ = {
			isa = PBXResourcesBuildPhase;
			buildActionMask = 2147483647;
			files = (
				579140C71E87A44E006EF3AF /* LaunchScreen.storyboard in Resources */,
				579140C41E87A44E006EF3AF /* Assets.xcassets in Resources */,
				579140C21E87A44E006EF3AF /* Main.storyboard in Resources */,
			);
			runOnlyForDeploymentPostprocessing = 0;
		};
/* End PBXResourcesBuildPhase section */

/* Begin PBXSourcesBuildPhase section */
		579140B51E87A44E006EF3AF /* Sources */ = {
			isa = PBXSourcesBuildPhase;
			buildActionMask = 2147483647;
			files = (
				573E02BC1E8A4CDC00EC2DBA /* RootViewController.swift in Sources */,
				573E02AF1E8A4C3900EC2DBA /* MainViewController.swift in Sources */,
				573E02B81E8A4C8500EC2DBA /* LAXTabBarController.swift in Sources */,
				573E02B21E8A4C3900EC2DBA /* CommuntityViewController.swift in Sources */,
				573E02B01E8A4C3900EC2DBA /* AttentionViewController.swift in Sources */,
				573E02B31E8A4C3900EC2DBA /* MineViewController.swift in Sources */,
				579140BF1E87A44E006EF3AF /* ViewController.swift in Sources */,
				579140BD1E87A44E006EF3AF /* AppDelegate.swift in Sources */,
				573E02BA1E8A4C9100EC2DBA /* LAXTabBar.swift in Sources */,
				573E02B11E8A4C3900EC2DBA /* LiveViewController.swift in Sources */,
			);
			runOnlyForDeploymentPostprocessing = 0;
		};
/* End PBXSourcesBuildPhase section */

/* Begin PBXVariantGroup section */
		579140C01E87A44E006EF3AF /* Main.storyboard */ = {
			isa = PBXVariantGroup;
			children = (
				579140C11E87A44E006EF3AF /* Base */,
			);
			name = Main.storyboard;
			sourceTree = "<group>";
		};
		579140C51E87A44E006EF3AF /* LaunchScreen.storyboard */ = {
			isa = PBXVariantGroup;
			children = (
				579140C61E87A44E006EF3AF /* Base */,
			);
			name = LaunchScreen.storyboard;
			sourceTree = "<group>";
		};
/* End PBXVariantGroup section */

/* Begin XCBuildConfiguration section */
		579140C91E87A44E006EF3AF /* Debug */ = {
			isa = XCBuildConfiguration;
			buildSettings = {
				ALWAYS_SEARCH_USER_PATHS = NO;
				CLANG_ANALYZER_NONNULL = YES;
				CLANG_CXX_LANGUAGE_STANDARD = "gnu++0x";
				CLANG_CXX_LIBRARY = "libc++";
				CLANG_ENABLE_MODULES = YES;
				CLANG_ENABLE_OBJC_ARC = YES;
				CLANG_WARN_BOOL_CONVERSION = YES;
				CLANG_WARN_CONSTANT_CONVERSION = YES;
				CLANG_WARN_DIRECT_OBJC_ISA_USAGE = YES_ERROR;
				CLANG_WARN_DOCUMENTATION_COMMENTS = YES;
				CLANG_WARN_EMPTY_BODY = YES;
				CLANG_WARN_ENUM_CONVERSION = YES;
				CLANG_WARN_INFINITE_RECURSION = YES;
				CLANG_WARN_INT_CONVERSION = YES;
				CLANG_WARN_OBJC_ROOT_CLASS = YES_ERROR;
				CLANG_WARN_SUSPICIOUS_MOVE = YES;
				CLANG_WARN_UNREACHABLE_CODE = YES;
				CLANG_WARN__DUPLICATE_METHOD_MATCH = YES;
				"CODE_SIGN_IDENTITY[sdk=iphoneos*]" = "iPhone Developer";
				COPY_PHASE_STRIP = NO;
				DEBUG_INFORMATION_FORMAT = dwarf;
				ENABLE_STRICT_OBJC_MSGSEND = YES;
				ENABLE_TESTABILITY = YES;
				GCC_C_LANGUAGE_STANDARD = gnu99;
				GCC_DYNAMIC_NO_PIC = NO;
				GCC_NO_COMMON_BLOCKS = YES;
				GCC_OPTIMIZATION_LEVEL = 0;
				GCC_PREPROCESSOR_DEFINITIONS = (
					"DEBUG=1",
					"$(inherited)",
				);
				GCC_WARN_64_TO_32_BIT_CONVERSION = YES;
				GCC_WARN_ABOUT_RETURN_TYPE = YES_ERROR;
				GCC_WARN_UNDECLARED_SELECTOR = YES;
				GCC_WARN_UNINITIALIZED_AUTOS = YES_AGGRESSIVE;
				GCC_WARN_UNUSED_FUNCTION = YES;
				GCC_WARN_UNUSED_VARIABLE = YES;
				IPHONEOS_DEPLOYMENT_TARGET = 10.2;
				MTL_ENABLE_DEBUG_INFO = YES;
				ONLY_ACTIVE_ARCH = YES;
				SDKROOT = iphoneos;
				SWIFT_ACTIVE_COMPILATION_CONDITIONS = DEBUG;
				SWIFT_OPTIMIZATION_LEVEL = "-Onone";
			};
			name = Debug;
		};
		579140CA1E87A44E006EF3AF /* Release */ = {
			isa = XCBuildConfiguration;
			buildSettings = {
				ALWAYS_SEARCH_USER_PATHS = NO;
				CLANG_ANALYZER_NONNULL = YES;
				CLANG_CXX_LANGUAGE_STANDARD = "gnu++0x";
				CLANG_CXX_LIBRARY = "libc++";
				CLANG_ENABLE_MODULES = YES;
				CLANG_ENABLE_OBJC_ARC = YES;
				CLANG_WARN_BOOL_CONVERSION = YES;
				CLANG_WARN_CONSTANT_CONVERSION = YES;
				CLANG_WARN_DIRECT_OBJC_ISA_USAGE = YES_ERROR;
				CLANG_WARN_DOCUMENTATION_COMMENTS = YES;
				CLANG_WARN_EMPTY_BODY = YES;
				CLANG_WARN_ENUM_CONVERSION = YES;
				CLANG_WARN_INFINITE_RECURSION = YES;
				CLANG_WARN_INT_CONVERSION = YES;
				CLANG_WARN_OBJC_ROOT_CLASS = YES_ERROR;
				CLANG_WARN_SUSPICIOUS_MOVE = YES;
				CLANG_WARN_UNREACHABLE_CODE = YES;
				CLANG_WARN__DUPLICATE_METHOD_MATCH = YES;
				"CODE_SIGN_IDENTITY[sdk=iphoneos*]" = "iPhone Developer";
				COPY_PHASE_STRIP = NO;
				DEBUG_INFORMATION_FORMAT = "dwarf-with-dsym";
				ENABLE_NS_ASSERTIONS = NO;
				ENABLE_STRICT_OBJC_MSGSEND = YES;
				GCC_C_LANGUAGE_STANDARD = gnu99;
				GCC_NO_COMMON_BLOCKS = YES;
				GCC_WARN_64_TO_32_BIT_CONVERSION = YES;
				GCC_WARN_ABOUT_RETURN_TYPE = YES_ERROR;
				GCC_WARN_UNDECLARED_SELECTOR = YES;
				GCC_WARN_UNINITIALIZED_AUTOS = YES_AGGRESSIVE;
				GCC_WARN_UNUSED_FUNCTION = YES;
				GCC_WARN_UNUSED_VARIABLE = YES;
				IPHONEOS_DEPLOYMENT_TARGET = 10.2;
				MTL_ENABLE_DEBUG_INFO = NO;
				SDKROOT = iphoneos;
				SWIFT_OPTIMIZATION_LEVEL = "-Owholemodule";
				VALIDATE_PRODUCT = YES;
			};
			name = Release;
		};
		579140CC1E87A44E006EF3AF /* Debug */ = {
			isa = XCBuildConfiguration;
			buildSettings = {
				ASSETCATALOG_COMPILER_APPICON_NAME = AppIcon;
				INFOPLIST_FILE = LAXTabBarController/Info.plist;
				LD_RUNPATH_SEARCH_PATHS = "$(inherited) @executable_path/Frameworks";
				PRODUCT_BUNDLE_IDENTIFIER = com.sdut.LAXTabBarController;
				PRODUCT_NAME = "$(TARGET_NAME)";
				SWIFT_OBJC_BRIDGING_HEADER = "";
				SWIFT_VERSION = 3.0;
			};
			name = Debug;
		};
		579140CD1E87A44E006EF3AF /* Release */ = {
			isa = XCBuildConfiguration;
			buildSettings = {
				ASSETCATALOG_COMPILER_APPICON_NAME = AppIcon;
				INFOPLIST_FILE = LAXTabBarController/Info.plist;
				LD_RUNPATH_SEARCH_PATHS = "$(inherited) @executable_path/Frameworks";
				PRODUCT_BUNDLE_IDENTIFIER = com.sdut.LAXTabBarController;
				PRODUCT_NAME = "$(TARGET_NAME)";
				SWIFT_OBJC_BRIDGING_HEADER = "";
				SWIFT_VERSION = 3.0;
			};
			name = Release;
		};
/* End XCBuildConfiguration section */

/* Begin XCConfigurationList section */
		579140B41E87A44E006EF3AF /* Build configuration list for PBXProject "LAXTabBarController" */ = {
			isa = XCConfigurationList;
			buildConfigurations = (
				579140C91E87A44E006EF3AF /* Debug */,
				579140CA1E87A44E006EF3AF /* Release */,
			);
			defaultConfigurationIsVisible = 0;
			defaultConfigurationName = Release;
		};
		579140CB1E87A44E006EF3AF /* Build configuration list for PBXNativeTarget "LAXTabBarController" */ = {
			isa = XCConfigurationList;
			buildConfigurations = (
				579140CC1E87A44E006EF3AF /* Debug */,
				579140CD1E87A44E006EF3AF /* Release */,
			);
			defaultConfigurationIsVisible = 0;
			defaultConfigurationName = Release;
		};
/* End XCConfigurationList section */
	};
	rootObject = 579140B11E87A44E006EF3AF /* Project object */;
}
